
Microsoft Visual Studio Solution File, Format Version 12.00
# Visual Studio Version 16
VisualStudioVersion = 16.0.29424.173
MinimumVisualStudioVersion = 10.0.40219.1
Project("{9A19103F-16F7-4668-BE54-9A1E7A4F7556}") = "SinavOlustur", "WebApplication3\SinavOlustur.csproj", "{FC073FA7-08AF-4C8C-8611-E67C7AE25BEA}"
EndProject
Global
	GlobalSection(SolutionConfigurationPlatforms) = preSolution
		Debug|Any CPU = Debug|Any CPU
		Release|Any CPU = Release|Any CPU
	EndGlobalSection
	GlobalSection(ProjectConfigurationPlatforms) = postSolution
		{FC073FA7-08AF-4C8C-8611-E67C7AE25BEA}.Debug|Any CPU.ActiveCfg = Debug|Any CPU
		{FC073FA7-08AF-4C8C-8611-E67C7AE25BEA}.Debug|Any CPU.Build.0 = Debug|Any CPU
		{FC073FA7-08AF-4C8C-8611-E67C7AE25BEA}.Release|Any CPU.ActiveCfg = Release|Any CPU
		{FC073FA7-08AF-4C8C-8611-E67C7AE25BEA}.Release|Any CPU.Build.0 = Release|Any CPU
	EndGlobalSection
	GlobalSection(SolutionProperties) = preSolution
		HideSolutionNode = FALSE
	EndGlobalSection
	GlobalSection(ExtensibilityGlobals) = postSolution
		SolutionGuid = {E42034A1-8A0D-4FBF-B85E-478EAE79D50C}
	EndGlobalSection
EndGlobal
